{
  "name": "another-test-package",
  "version": "1.0.0",
  "lockfileVersion": 3,
  "requires": true,
  "packages": {
    "": {
      "name": "another-test-package",
      "version": "1.0.0",
      "license": "ISC",
      "dependencies": {
        "nandini-first-package": "^1.0.0"
      }
    },
    "node_modules/nandini-first-package": {
      "version": "1.0.0",
      "resolved": "https://registry.npmjs.org/nandini-first-package/-/nandini-first-package-1.0.0.tgz",
      "integrity": "sha512-sDK2qnojBIt03Ov8VD/OIA43u64jy/jwbzZQawJKBl8xFKWy0rNUdZ2iUf3G3a3ZmQB4yH+Gx1XUZxgqOv2Khw=="
    }
  }
}
